
Microsoft Visual Studio Solution File, Format Version 12.00
# Visual Studio Version 16
VisualStudioVersion = 16.0.30104.148
MinimumVisualStudioVersion = 10.0.40219.1
Project("{FAE04EC0-301F-11D3-BF4B-00C04F79EFBC}") = "GitLabApp", "GitLabApp\GitLabApp.csproj", "{7627E694-6B9F-4DBE-B4CE-A3144C06B04C}"
EndProject
Global
	GlobalSection(SolutionConfigurationPlatforms) = preSolution
		Debug|Any CPU = Debug|Any CPU
		Release|Any CPU = Release|Any CPU
	EndGlobalSection
	GlobalSection(ProjectConfigurationPlatforms) = postSolution
		{7627E694-6B9F-4DBE-B4CE-A3144C06B04C}.Debug|Any CPU.ActiveCfg = Debug|Any CPU
		{7627E694-6B9F-4DBE-B4CE-A3144C06B04C}.Debug|Any CPU.Build.0 = Debug|Any CPU
		{7627E694-6B9F-4DBE-B4CE-A3144C06B04C}.Release|Any CPU.ActiveCfg = Release|Any CPU
		{7627E694-6B9F-4DBE-B4CE-A3144C06B04C}.Release|Any CPU.Build.0 = Release|Any CPU
	EndGlobalSection
	GlobalSection(SolutionProperties) = preSolution
		HideSolutionNode = FALSE
	EndGlobalSection
	GlobalSection(ExtensibilityGlobals) = postSolution
		SolutionGuid = {0C3944E9-5E63-49FB-88C1-B3136CCFF7A4}
	EndGlobalSection
EndGlobal
